// !$*UTF8*$!
{
	archiveVersion = 1;
	classes = {
	};
	objectVersion = 56;
	objects = {

/* Begin PBXBuildFile section */
		A94C026429151DFF003B4E46 /* Api.swift in Sources */ = {isa = PBXBuildFile; fileRef = A94C026329151DFF003B4E46 /* Api.swift */; };
		A94C026629151E1C003B4E46 /* Network.swift in Sources */ = {isa = PBXBuildFile; fileRef = A94C026529151E1C003B4E46 /* Network.swift */; };
		A94C026829151E5B003B4E46 /* Auth-Network.swift in Sources */ = {isa = PBXBuildFile; fileRef = A94C026729151E5B003B4E46 /* Auth-Network.swift */; };
		A94C026A29151E86003B4E46 /* ResetPassword-Network.swift in Sources */ = {isa = PBXBuildFile; fileRef = A94C026929151E86003B4E46 /* ResetPassword-Network.swift */; };
		A970F26629133F0F007ED984 /* AppDelegate.swift in Sources */ = {isa = PBXBuildFile; fileRef = A970F26529133F0F007ED984 /* AppDelegate.swift */; };
		A970F26829133F0F007ED984 /* SceneDelegate.swift in Sources */ = {isa = PBXBuildFile; fileRef = A970F26729133F0F007ED984 /* SceneDelegate.swift */; };
		A970F26A29133F0F007ED984 /* ViewController.swift in Sources */ = {isa = PBXBuildFile; fileRef = A970F26929133F0F007ED984 /* ViewController.swift */; };
		A970F26D29133F0F007ED984 /* Main.storyboard in Resources */ = {isa = PBXBuildFile; fileRef = A970F26B29133F0F007ED984 /* Main.storyboard */; };
		A970F26F29133F13007ED984 /* Assets.xcassets in Resources */ = {isa = PBXBuildFile; fileRef = A970F26E29133F13007ED984 /* Assets.xcassets */; };
		A970F27229133F13007ED984 /* LaunchScreen.storyboard in Resources */ = {isa = PBXBuildFile; fileRef = A970F27029133F13007ED984 /* LaunchScreen.storyboard */; };
		A970F27D29133F13007ED984 /* TestTaskIlliaPereviazkoTests.swift in Sources */ = {isa = PBXBuildFile; fileRef = A970F27C29133F13007ED984 /* TestTaskIlliaPereviazkoTests.swift */; };
		A970F28729133F13007ED984 /* TestTaskIlliaPereviazkoUITests.swift in Sources */ = {isa = PBXBuildFile; fileRef = A970F28629133F13007ED984 /* TestTaskIlliaPereviazkoUITests.swift */; };
		A970F28929133F13007ED984 /* TestTaskIlliaPereviazkoUITestsLaunchTests.swift in Sources */ = {isa = PBXBuildFile; fileRef = A970F28829133F13007ED984 /* TestTaskIlliaPereviazkoUITestsLaunchTests.swift */; };
		A970F29F2913A2C7007ED984 /* UserProfileCollectionViewCell.swift in Sources */ = {isa = PBXBuildFile; fileRef = A970F29D2913A2C7007ED984 /* UserProfileCollectionViewCell.swift */; };
		A970F2A02913A2C7007ED984 /* UserProfileCollectionViewCell.xib in Resources */ = {isa = PBXBuildFile; fileRef = A970F29E2913A2C7007ED984 /* UserProfileCollectionViewCell.xib */; };
		A970F2A32913A640007ED984 /* PasswordCollectionViewCell.swift in Sources */ = {isa = PBXBuildFile; fileRef = A970F2A12913A640007ED984 /* PasswordCollectionViewCell.swift */; };
		A970F2A42913A640007ED984 /* PasswordCollectionViewCell.xib in Resources */ = {isa = PBXBuildFile; fileRef = A970F2A22913A640007ED984 /* PasswordCollectionViewCell.xib */; };
		A970F2A72913A7F7007ED984 /* SaveChangesCollectionViewCell.swift in Sources */ = {isa = PBXBuildFile; fileRef = A970F2A52913A7F7007ED984 /* SaveChangesCollectionViewCell.swift */; };
		A970F2A82913A7F7007ED984 /* SaveChangesCollectionViewCell.xib in Resources */ = {isa = PBXBuildFile; fileRef = A970F2A62913A7F7007ED984 /* SaveChangesCollectionViewCell.xib */; };
/* End PBXBuildFile section */

/* Begin PBXContainerItemProxy section */
		A970F27929133F13007ED984 /* PBXContainerItemProxy */ = {
			isa = PBXContainerItemProxy;
			containerPortal = A970F25A29133F0F007ED984 /* Project object */;
			proxyType = 1;
			remoteGlobalIDString = A970F26129133F0F007ED984;
			remoteInfo = TestTaskIlliaPereviazko;
		};
		A970F28329133F13007ED984 /* PBXContainerItemProxy */ = {
			isa = PBXContainerItemProxy;
			containerPortal = A970F25A29133F0F007ED984 /* Project object */;
			proxyType = 1;
			remoteGlobalIDString = A970F26129133F0F007ED984;
			remoteInfo = TestTaskIlliaPereviazko;
		};
/* End PBXContainerItemProxy section */

/* Begin PBXFileReference section */
		A94C026329151DFF003B4E46 /* Api.swift */ = {isa = PBXFileReference; lastKnownFileType = sourcecode.swift; path = Api.swift; sourceTree = "<group>"; };
		A94C026529151E1C003B4E46 /* Network.swift */ = {isa = PBXFileReference; lastKnownFileType = sourcecode.swift; path = Network.swift; sourceTree = "<group>"; };
		A94C026729151E5B003B4E46 /* Auth-Network.swift */ = {isa = PBXFileReference; lastKnownFileType = sourcecode.swift; path = "Auth-Network.swift"; sourceTree = "<group>"; };
		A94C026929151E86003B4E46 /* ResetPassword-Network.swift */ = {isa = PBXFileReference; lastKnownFileType = sourcecode.swift; path = "ResetPassword-Network.swift"; sourceTree = "<group>"; };
		A970F26229133F0F007ED984 /* TestTaskIlliaPereviazko.app */ = {isa = PBXFileReference; explicitFileType = wrapper.application; includeInIndex = 0; path = TestTaskIlliaPereviazko.app; sourceTree = BUILT_PRODUCTS_DIR; };
		A970F26529133F0F007ED984 /* AppDelegate.swift */ = {isa = PBXFileReference; lastKnownFileType = sourcecode.swift; path = AppDelegate.swift; sourceTree = "<group>"; };
		A970F26729133F0F007ED984 /* SceneDelegate.swift */ = {isa = PBXFileReference; lastKnownFileType = sourcecode.swift; path = SceneDelegate.swift; sourceTree = "<group>"; };
		A970F26929133F0F007ED984 /* ViewController.swift */ = {isa = PBXFileReference; lastKnownFileType = sourcecode.swift; path = ViewController.swift; sourceTree = "<group>"; };
		A970F26C29133F0F007ED984 /* Base */ = {isa = PBXFileReference; lastKnownFileType = file.storyboard; name = Base; path = Base.lproj/Main.storyboard; sourceTree = "<group>"; };
		A970F26E29133F13007ED984 /* Assets.xcassets */ = {isa = PBXFileReference; lastKnownFileType = folder.assetcatalog; path = Assets.xcassets; sourceTree = "<group>"; };
		A970F27129133F13007ED984 /* Base */ = {isa = PBXFileReference; lastKnownFileType = file.storyboard; name = Base; path = Base.lproj/LaunchScreen.storyboard; sourceTree = "<group>"; };
		A970F27329133F13007ED984 /* Info.plist */ = {isa = PBXFileReference; lastKnownFileType = text.plist.xml; path = Info.plist; sourceTree = "<group>"; };
		A970F27829133F13007ED984 /* TestTaskIlliaPereviazkoTests.xctest */ = {isa = PBXFileReference; explicitFileType = wrapper.cfbundle; includeInIndex = 0; path = TestTaskIlliaPereviazkoTests.xctest; sourceTree = BUILT_PRODUCTS_DIR; };
		A970F27C29133F13007ED984 /* TestTaskIlliaPereviazkoTests.swift */ = {isa = PBXFileReference; lastKnownFileType = sourcecode.swift; path = TestTaskIlliaPereviazkoTests.swift; sourceTree = "<group>"; };
		A970F28229133F13007ED984 /* TestTaskIlliaPereviazkoUITests.xctest */ = {isa = PBXFileReference; explicitFileType = wrapper.cfbundle; includeInIndex = 0; path = TestTaskIlliaPereviazkoUITests.xctest; sourceTree = BUILT_PRODUCTS_DIR; };
		A970F28629133F13007ED984 /* TestTaskIlliaPereviazkoUITests.swift */ = {isa = PBXFileReference; lastKnownFileType = sourcecode.swift; path = TestTaskIlliaPereviazkoUITests.swift; sourceTree = "<group>"; };
		A970F28829133F13007ED984 /* TestTaskIlliaPereviazkoUITestsLaunchTests.swift */ = {isa = PBXFileReference; lastKnownFileType = sourcecode.swift; path = TestTaskIlliaPereviazkoUITestsLaunchTests.swift; sourceTree = "<group>"; };
		A970F29D2913A2C7007ED984 /* UserProfileCollectionViewCell.swift */ = {isa = PBXFileReference; lastKnownFileType = sourcecode.swift; path = UserProfileCollectionViewCell.swift; sourceTree = "<group>"; };
		A970F29E2913A2C7007ED984 /* UserProfileCollectionViewCell.xib */ = {isa = PBXFileReference; lastKnownFileType = file.xib; path = UserProfileCollectionViewCell.xib; sourceTree = "<group>"; };
		A970F2A12913A640007ED984 /* PasswordCollectionViewCell.swift */ = {isa = PBXFileReference; lastKnownFileType = sourcecode.swift; path = PasswordCollectionViewCell.swift; sourceTree = "<group>"; };
		A970F2A22913A640007ED984 /* PasswordCollectionViewCell.xib */ = {isa = PBXFileReference; lastKnownFileType = file.xib; path = PasswordCollectionViewCell.xib; sourceTree = "<group>"; };
		A970F2A52913A7F7007ED984 /* SaveChangesCollectionViewCell.swift */ = {isa = PBXFileReference; lastKnownFileType = sourcecode.swift; path = SaveChangesCollectionViewCell.swift; sourceTree = "<group>"; };
		A970F2A62913A7F7007ED984 /* SaveChangesCollectionViewCell.xib */ = {isa = PBXFileReference; lastKnownFileType = file.xib; path = SaveChangesCollectionViewCell.xib; sourceTree = "<group>"; };
/* End PBXFileReference section */

/* Begin PBXFrameworksBuildPhase section */
		A970F25F29133F0F007ED984 /* Frameworks */ = {
			isa = PBXFrameworksBuildPhase;
			buildActionMask = 2147483647;
			files = (
			);
			runOnlyForDeploymentPostprocessing = 0;
		};
		A970F27529133F13007ED984 /* Frameworks */ = {
			isa = PBXFrameworksBuildPhase;
			buildActionMask = 2147483647;
			files = (
			);
			runOnlyForDeploymentPostprocessing = 0;
		};
		A970F27F29133F13007ED984 /* Frameworks */ = {
			isa = PBXFrameworksBuildPhase;
			buildActionMask = 2147483647;
			files = (
			);
			runOnlyForDeploymentPostprocessing = 0;
		};
/* End PBXFrameworksBuildPhase section */

/* Begin PBXGroup section */
		A94C026129151DBC003B4E46 /* Network */ = {
			isa = PBXGroup;
			children = (
				A94C026229151DD3003B4E46 /* Setup */,
			);
			path = Network;
			sourceTree = "<group>";
		};
		A94C026229151DD3003B4E46 /* Setup */ = {
			isa = PBXGroup;
			children = (
				A94C026329151DFF003B4E46 /* Api.swift */,
				A94C026529151E1C003B4E46 /* Network.swift */,
				A94C026729151E5B003B4E46 /* Auth-Network.swift */,
				A94C026929151E86003B4E46 /* ResetPassword-Network.swift */,
			);
			path = Setup;
			sourceTree = "<group>";
		};
		A970F25929133F0F007ED984 = {
			isa = PBXGroup;
			children = (
				A970F26429133F0F007ED984 /* TestTaskIlliaPereviazko */,
				A970F27B29133F13007ED984 /* TestTaskIlliaPereviazkoTests */,
				A970F28529133F13007ED984 /* TestTaskIlliaPereviazkoUITests */,
				A970F26329133F0F007ED984 /* Products */,
			);
			sourceTree = "<group>";
		};
		A970F26329133F0F007ED984 /* Products */ = {
			isa = PBXGroup;
			children = (
				A970F26229133F0F007ED984 /* TestTaskIlliaPereviazko.app */,
				A970F27829133F13007ED984 /* TestTaskIlliaPereviazkoTests.xctest */,
				A970F28229133F13007ED984 /* TestTaskIlliaPereviazkoUITests.xctest */,
			);
			name = Products;
			sourceTree = "<group>";
		};
		A970F26429133F0F007ED984 /* TestTaskIlliaPereviazko */ = {
			isa = PBXGroup;
			children = (
				A970F26529133F0F007ED984 /* AppDelegate.swift */,
				A970F26729133F0F007ED984 /* SceneDelegate.swift */,
				A970F2A92913AF0D007ED984 /* Cell */,
				A970F26929133F0F007ED984 /* ViewController.swift */,
				A94C026129151DBC003B4E46 /* Network */,
				A970F26B29133F0F007ED984 /* Main.storyboard */,
				A970F26E29133F13007ED984 /* Assets.xcassets */,
				A970F27029133F13007ED984 /* LaunchScreen.storyboard */,
				A970F27329133F13007ED984 /* Info.plist */,
			);
			path = TestTaskIlliaPereviazko;
			sourceTree = "<group>";
		};
		A970F27B29133F13007ED984 /* TestTaskIlliaPereviazkoTests */ = {
			isa = PBXGroup;
			children = (
				A970F27C29133F13007ED984 /* TestTaskIlliaPereviazkoTests.swift */,
			);
			path = TestTaskIlliaPereviazkoTests;
			sourceTree = "<group>";
		};
		A970F28529133F13007ED984 /* TestTaskIlliaPereviazkoUITests */ = {
			isa = PBXGroup;
			children = (
				A970F28629133F13007ED984 /* TestTaskIlliaPereviazkoUITests.swift */,
				A970F28829133F13007ED984 /* TestTaskIlliaPereviazkoUITestsLaunchTests.swift */,
			);
			path = TestTaskIlliaPereviazkoUITests;
			sourceTree = "<group>";
		};
		A970F2A92913AF0D007ED984 /* Cell */ = {
			isa = PBXGroup;
			children = (
				A970F29D2913A2C7007ED984 /* UserProfileCollectionViewCell.swift */,
				A970F29E2913A2C7007ED984 /* UserProfileCollectionViewCell.xib */,
				A970F2A12913A640007ED984 /* PasswordCollectionViewCell.swift */,
				A970F2A22913A640007ED984 /* PasswordCollectionViewCell.xib */,
				A970F2A52913A7F7007ED984 /* SaveChangesCollectionViewCell.swift */,
				A970F2A62913A7F7007ED984 /* SaveChangesCollectionViewCell.xib */,
			);
			path = Cell;
			sourceTree = "<group>";
		};
/* End PBXGroup section */

/* Begin PBXNativeTarget section */
		A970F26129133F0F007ED984 /* TestTaskIlliaPereviazko */ = {
			isa = PBXNativeTarget;
			buildConfigurationList = A970F28C29133F13007ED984 /* Build configuration list for PBXNativeTarget "TestTaskIlliaPereviazko" */;
			buildPhases = (
				A970F25E29133F0F007ED984 /* Sources */,
				A970F25F29133F0F007ED984 /* Frameworks */,
				A970F26029133F0F007ED984 /* Resources */,
			);
			buildRules = (
			);
			dependencies = (
			);
			name = TestTaskIlliaPereviazko;
			productName = TestTaskIlliaPereviazko;
			productReference = A970F26229133F0F007ED984 /* TestTaskIlliaPereviazko.app */;
			productType = "com.apple.product-type.application";
		};
		A970F27729133F13007ED984 /* TestTaskIlliaPereviazkoTests */ = {
			isa = PBXNativeTarget;
			buildConfigurationList = A970F28F29133F13007ED984 /* Build configuration list for PBXNativeTarget "TestTaskIlliaPereviazkoTests" */;
			buildPhases = (
				A970F27429133F13007ED984 /* Sources */,
				A970F27529133F13007ED984 /* Frameworks */,
				A970F27629133F13007ED984 /* Resources */,
			);
			buildRules = (
			);
			dependencies = (
				A970F27A29133F13007ED984 /* PBXTargetDependency */,
			);
			name = TestTaskIlliaPereviazkoTests;
			productName = TestTaskIlliaPereviazkoTests;
			productReference = A970F27829133F13007ED984 /* TestTaskIlliaPereviazkoTests.xctest */;
			productType = "com.apple.product-type.bundle.unit-test";
		};
		A970F28129133F13007ED984 /* TestTaskIlliaPereviazkoUITests */ = {
			isa = PBXNativeTarget;
			buildConfigurationList = A970F29229133F13007ED984 /* Build configuration list for PBXNativeTarget "TestTaskIlliaPereviazkoUITests" */;
			buildPhases = (
				A970F27E29133F13007ED984 /* Sources */,
				A970F27F29133F13007ED984 /* Frameworks */,
				A970F28029133F13007ED984 /* Resources */,
			);
			buildRules = (
			);
			dependencies = (
				A970F28429133F13007ED984 /* PBXTargetDependency */,
			);
			name = TestTaskIlliaPereviazkoUITests;
			productName = TestTaskIlliaPereviazkoUITests;
			productReference = A970F28229133F13007ED984 /* TestTaskIlliaPereviazkoUITests.xctest */;
			productType = "com.apple.product-type.bundle.ui-testing";
		};
/* End PBXNativeTarget section */

/* Begin PBXProject section */
		A970F25A29133F0F007ED984 /* Project object */ = {
			isa = PBXProject;
			attributes = {
				BuildIndependentTargetsInParallel = 1;
				LastSwiftUpdateCheck = 1400;
				LastUpgradeCheck = 1400;
				TargetAttributes = {
					A970F26129133F0F007ED984 = {
						CreatedOnToolsVersion = 14.0;
					};
					A970F27729133F13007ED984 = {
						CreatedOnToolsVersion = 14.0;
						TestTargetID = A970F26129133F0F007ED984;
					};
					A970F28129133F13007ED984 = {
						CreatedOnToolsVersion = 14.0;
						TestTargetID = A970F26129133F0F007ED984;
					};
				};
			};
			buildConfigurationList = A970F25D29133F0F007ED984 /* Build configuration list for PBXProject "TestTaskIlliaPereviazko" */;
			compatibilityVersion = "Xcode 14.0";
			developmentRegion = en;
			hasScannedForEncodings = 0;
			knownRegions = (
				en,
				Base,
			);
			mainGroup = A970F25929133F0F007ED984;
			productRefGroup = A970F26329133F0F007ED984 /* Products */;
			projectDirPath = "";
			projectRoot = "";
			targets = (
				A970F26129133F0F007ED984 /* TestTaskIlliaPereviazko */,
				A970F27729133F13007ED984 /* TestTaskIlliaPereviazkoTests */,
				A970F28129133F13007ED984 /* TestTaskIlliaPereviazkoUITests */,
			);
		};
/* End PBXProject section */

/* Begin PBXResourcesBuildPhase section */
		A970F26029133F0F007ED984 /* Resources */ = {
			isa = PBXResourcesBuildPhase;
			buildActionMask = 2147483647;
			files = (
				A970F2A02913A2C7007ED984 /* UserProfileCollectionViewCell.xib in Resources */,
				A970F27229133F13007ED984 /* LaunchScreen.storyboard in Resources */,
				A970F26F29133F13007ED984 /* Assets.xcassets in Resources */,
				A970F2A82913A7F7007ED984 /* SaveChangesCollectionViewCell.xib in Resources */,
				A970F26D29133F0F007ED984 /* Main.storyboard in Resources */,
				A970F2A42913A640007ED984 /* PasswordCollectionViewCell.xib in Resources */,
			);
			runOnlyForDeploymentPostprocessing = 0;
		};
		A970F27629133F13007ED984 /* Resources */ = {
			isa = PBXResourcesBuildPhase;
			buildActionMask = 2147483647;
			files = (
			);
			runOnlyForDeploymentPostprocessing = 0;
		};
		A970F28029133F13007ED984 /* Resources */ = {
			isa = PBXResourcesBuildPhase;
			buildActionMask = 2147483647;
			files = (
			);
			runOnlyForDeploymentPostprocessing = 0;
		};
/* End PBXResourcesBuildPhase section */

/* Begin PBXSourcesBuildPhase section */
		A970F25E29133F0F007ED984 /* Sources */ = {
			isa = PBXSourcesBuildPhase;
			buildActionMask = 2147483647;
			files = (
				A970F26A29133F0F007ED984 /* ViewController.swift in Sources */,
				A970F2A72913A7F7007ED984 /* SaveChangesCollectionViewCell.swift in Sources */,
				A94C026629151E1C003B4E46 /* Network.swift in Sources */,
				A94C026A29151E86003B4E46 /* ResetPassword-Network.swift in Sources */,
				A970F2A32913A640007ED984 /* PasswordCollectionViewCell.swift in Sources */,
				A94C026829151E5B003B4E46 /* Auth-Network.swift in Sources */,
				A970F26629133F0F007ED984 /* AppDelegate.swift in Sources */,
				A970F26829133F0F007ED984 /* SceneDelegate.swift in Sources */,
				A94C026429151DFF003B4E46 /* Api.swift in Sources */,
				A970F29F2913A2C7007ED984 /* UserProfileCollectionViewCell.swift in Sources */,
			);
			runOnlyForDeploymentPostprocessing = 0;
		};
		A970F27429133F13007ED984 /* Sources */ = {
			isa = PBXSourcesBuildPhase;
			buildActionMask = 2147483647;
			files = (
				A970F27D29133F13007ED984 /* TestTaskIlliaPereviazkoTests.swift in Sources */,
			);
			runOnlyForDeploymentPostprocessing = 0;
		};
		A970F27E29133F13007ED984 /* Sources */ = {
			isa = PBXSourcesBuildPhase;
			buildActionMask = 2147483647;
			files = (
				A970F28729133F13007ED984 /* TestTaskIlliaPereviazkoUITests.swift in Sources */,
				A970F28929133F13007ED984 /* TestTaskIlliaPereviazkoUITestsLaunchTests.swift in Sources */,
			);
			runOnlyForDeploymentPostprocessing = 0;
		};
/* End PBXSourcesBuildPhase section */

/* Begin PBXTargetDependency section */
		A970F27A29133F13007ED984 /* PBXTargetDependency */ = {
			isa = PBXTargetDependency;
			target = A970F26129133F0F007ED984 /* TestTaskIlliaPereviazko */;
			targetProxy = A970F27929133F13007ED984 /* PBXContainerItemProxy */;
		};
		A970F28429133F13007ED984 /* PBXTargetDependency */ = {
			isa = PBXTargetDependency;
			target = A970F26129133F0F007ED984 /* TestTaskIlliaPereviazko */;
			targetProxy = A970F28329133F13007ED984 /* PBXContainerItemProxy */;
		};
/* End PBXTargetDependency section */

/* Begin PBXVariantGroup section */
		A970F26B29133F0F007ED984 /* Main.storyboard */ = {
			isa = PBXVariantGroup;
			children = (
				A970F26C29133F0F007ED984 /* Base */,
			);
			name = Main.storyboard;
			sourceTree = "<group>";
		};
		A970F27029133F13007ED984 /* LaunchScreen.storyboard */ = {
			isa = PBXVariantGroup;
			children = (
				A970F27129133F13007ED984 /* Base */,
			);
			name = LaunchScreen.storyboard;
			sourceTree = "<group>";
		};
/* End PBXVariantGroup section */

/* Begin XCBuildConfiguration section */
		A970F28A29133F13007ED984 /* Debug */ = {
			isa = XCBuildConfiguration;
			buildSettings = {
				ALWAYS_SEARCH_USER_PATHS = NO;
				CLANG_ANALYZER_NONNULL = YES;
				CLANG_ANALYZER_NUMBER_OBJECT_CONVERSION = YES_AGGRESSIVE;
				CLANG_CXX_LANGUAGE_STANDARD = "gnu++20";
				CLANG_ENABLE_MODULES = YES;
				CLANG_ENABLE_OBJC_ARC = YES;
				CLANG_ENABLE_OBJC_WEAK = YES;
				CLANG_WARN_BLOCK_CAPTURE_AUTORELEASING = YES;
				CLANG_WARN_BOOL_CONVERSION = YES;
				CLANG_WARN_COMMA = YES;
				CLANG_WARN_CONSTANT_CONVERSION = YES;
				CLANG_WARN_DEPRECATED_OBJC_IMPLEMENTATIONS = YES;
				CLANG_WARN_DIRECT_OBJC_ISA_USAGE = YES_ERROR;
				CLANG_WARN_DOCUMENTATION_COMMENTS = YES;
				CLANG_WARN_EMPTY_BODY = YES;
				CLANG_WARN_ENUM_CONVERSION = YES;
				CLANG_WARN_INFINITE_RECURSION = YES;
				CLANG_WARN_INT_CONVERSION = YES;
				CLANG_WARN_NON_LITERAL_NULL_CONVERSION = YES;
				CLANG_WARN_OBJC_IMPLICIT_RETAIN_SELF = YES;
				CLANG_WARN_OBJC_LITERAL_CONVERSION = YES;
				CLANG_WARN_OBJC_ROOT_CLASS = YES_ERROR;
				CLANG_WARN_QUOTED_INCLUDE_IN_FRAMEWORK_HEADER = YES;
				CLANG_WARN_RANGE_LOOP_ANALYSIS = YES;
				CLANG_WARN_STRICT_PROTOTYPES = YES;
				CLANG_WARN_SUSPICIOUS_MOVE = YES;
				CLANG_WARN_UNGUARDED_AVAILABILITY = YES_AGGRESSIVE;
				CLANG_WARN_UNREACHABLE_CODE = YES;
				CLANG_WARN__DUPLICATE_METHOD_MATCH = YES;
				COPY_PHASE_STRIP = NO;
				DEBUG_INFORMATION_FORMAT = dwarf;
				ENABLE_STRICT_OBJC_MSGSEND = YES;
				ENABLE_TESTABILITY = YES;
				GCC_C_LANGUAGE_STANDARD = gnu11;
				GCC_DYNAMIC_NO_PIC = NO;
				GCC_NO_COMMON_BLOCKS = YES;
				GCC_OPTIMIZATION_LEVEL = 0;
				GCC_PREPROCESSOR_DEFINITIONS = (
					"DEBUG=1",
					"$(inherited)",
				);
				GCC_WARN_64_TO_32_BIT_CONVERSION = YES;
				GCC_WARN_ABOUT_RETURN_TYPE = YES_ERROR;
				GCC_WARN_UNDECLARED_SELECTOR = YES;
				GCC_WARN_UNINITIALIZED_AUTOS = YES_AGGRESSIVE;
				GCC_WARN_UNUSED_FUNCTION = YES;
				GCC_WARN_UNUSED_VARIABLE = YES;
				IPHONEOS_DEPLOYMENT_TARGET = 16.0;
				MTL_ENABLE_DEBUG_INFO = INCLUDE_SOURCE;
				MTL_FAST_MATH = YES;
				ONLY_ACTIVE_ARCH = YES;
				SDKROOT = iphoneos;
				SWIFT_ACTIVE_COMPILATION_CONDITIONS = DEBUG;
				SWIFT_OPTIMIZATION_LEVEL = "-Onone";
			};
			name = Debug;
		};
		A970F28B29133F13007ED984 /* Release */ = {
			isa = XCBuildConfiguration;
			buildSettings = {
				ALWAYS_SEARCH_USER_PATHS = NO;
				CLANG_ANALYZER_NONNULL = YES;
				CLANG_ANALYZER_NUMBER_OBJECT_CONVERSION = YES_AGGRESSIVE;
				CLANG_CXX_LANGUAGE_STANDARD = "gnu++20";
				CLANG_ENABLE_MODULES = YES;
				CLANG_ENABLE_OBJC_ARC = YES;
				CLANG_ENABLE_OBJC_WEAK = YES;
				CLANG_WARN_BLOCK_CAPTURE_AUTORELEASING = YES;
				CLANG_WARN_BOOL_CONVERSION = YES;
				CLANG_WARN_COMMA = YES;
				CLANG_WARN_CONSTANT_CONVERSION = YES;
				CLANG_WARN_DEPRECATED_OBJC_IMPLEMENTATIONS = YES;
				CLANG_WARN_DIRECT_OBJC_ISA_USAGE = YES_ERROR;
				CLANG_WARN_DOCUMENTATION_COMMENTS = YES;
				CLANG_WARN_EMPTY_BODY = YES;
				CLANG_WARN_ENUM_CONVERSION = YES;
				CLANG_WARN_INFINITE_RECURSION = YES;
				CLANG_WARN_INT_CONVERSION = YES;
				CLANG_WARN_NON_LITERAL_NULL_CONVERSION = YES;
				CLANG_WARN_OBJC_IMPLICIT_RETAIN_SELF = YES;
				CLANG_WARN_OBJC_LITERAL_CONVERSION = YES;
				CLANG_WARN_OBJC_ROOT_CLASS = YES_ERROR;
				CLANG_WARN_QUOTED_INCLUDE_IN_FRAMEWORK_HEADER = YES;
				CLANG_WARN_RANGE_LOOP_ANALYSIS = YES;
				CLANG_WARN_STRICT_PROTOTYPES = YES;
				CLANG_WARN_SUSPICIOUS_MOVE = YES;
				CLANG_WARN_UNGUARDED_AVAILABILITY = YES_AGGRESSIVE;
				CLANG_WARN_UNREACHABLE_CODE = YES;
				CLANG_WARN__DUPLICATE_METHOD_MATCH = YES;
				COPY_PHASE_STRIP = NO;
				DEBUG_INFORMATION_FORMAT = "dwarf-with-dsym";
				ENABLE_NS_ASSERTIONS = NO;
				ENABLE_STRICT_OBJC_MSGSEND = YES;
				GCC_C_LANGUAGE_STANDARD = gnu11;
				GCC_NO_COMMON_BLOCKS = YES;
				GCC_WARN_64_TO_32_BIT_CONVERSION = YES;
				GCC_WARN_ABOUT_RETURN_TYPE = YES_ERROR;
				GCC_WARN_UNDECLARED_SELECTOR = YES;
				GCC_WARN_UNINITIALIZED_AUTOS = YES_AGGRESSIVE;
				GCC_WARN_UNUSED_FUNCTION = YES;
				GCC_WARN_UNUSED_VARIABLE = YES;
				IPHONEOS_DEPLOYMENT_TARGET = 16.0;
				MTL_ENABLE_DEBUG_INFO = NO;
				MTL_FAST_MATH = YES;
				SDKROOT = iphoneos;
				SWIFT_COMPILATION_MODE = wholemodule;
				SWIFT_OPTIMIZATION_LEVEL = "-O";
				VALIDATE_PRODUCT = YES;
			};
			name = Release;
		};
		A970F28D29133F13007ED984 /* Debug */ = {
			isa = XCBuildConfiguration;
			buildSettings = {
				ASSETCATALOG_COMPILER_APPICON_NAME = AppIcon;
				ASSETCATALOG_COMPILER_GLOBAL_ACCENT_COLOR_NAME = AccentColor;
				CODE_SIGN_STYLE = Automatic;
				CURRENT_PROJECT_VERSION = 1;
				GENERATE_INFOPLIST_FILE = YES;
				INFOPLIST_FILE = TestTaskIlliaPereviazko/Info.plist;
				INFOPLIST_KEY_UIApplicationSupportsIndirectInputEvents = YES;
				INFOPLIST_KEY_UILaunchStoryboardName = LaunchScreen;
				INFOPLIST_KEY_UIMainStoryboardFile = Main;
				INFOPLIST_KEY_UISupportedInterfaceOrientations_iPad = "UIInterfaceOrientationPortrait UIInterfaceOrientationPortraitUpsideDown UIInterfaceOrientationLandscapeLeft UIInterfaceOrientationLandscapeRight";
				INFOPLIST_KEY_UISupportedInterfaceOrientations_iPhone = "UIInterfaceOrientationPortrait UIInterfaceOrientationLandscapeLeft UIInterfaceOrientationLandscapeRight";
				LD_RUNPATH_SEARCH_PATHS = (
					"$(inherited)",
					"@executable_path/Frameworks",
				);
				MARKETING_VERSION = 1.0;
				PRODUCT_BUNDLE_IDENTIFIER = Illia.TestTaskIlliaPereviazko;
				PRODUCT_NAME = "$(TARGET_NAME)";
				SWIFT_EMIT_LOC_STRINGS = YES;
				SWIFT_VERSION = 5.0;
				TARGETED_DEVICE_FAMILY = "1,2";
			};
			name = Debug;
		};
		A970F28E29133F13007ED984 /* Release */ = {
			isa = XCBuildConfiguration;
			buildSettings = {
				ASSETCATALOG_COMPILER_APPICON_NAME = AppIcon;
				ASSETCATALOG_COMPILER_GLOBAL_ACCENT_COLOR_NAME = AccentColor;
				CODE_SIGN_STYLE = Automatic;
				CURRENT_PROJECT_VERSION = 1;
				GENERATE_INFOPLIST_FILE = YES;
				INFOPLIST_FILE = TestTaskIlliaPereviazko/Info.plist;
				INFOPLIST_KEY_UIApplicationSupportsIndirectInputEvents = YES;
				INFOPLIST_KEY_UILaunchStoryboardName = LaunchScreen;
				INFOPLIST_KEY_UIMainStoryboardFile = Main;
				INFOPLIST_KEY_UISupportedInterfaceOrientations_iPad = "UIInterfaceOrientationPortrait UIInterfaceOrientationPortraitUpsideDown UIInterfaceOrientationLandscapeLeft UIInterfaceOrientationLandscapeRight";
				INFOPLIST_KEY_UISupportedInterfaceOrientations_iPhone = "UIInterfaceOrientationPortrait UIInterfaceOrientationLandscapeLeft UIInterfaceOrientationLandscapeRight";
				LD_RUNPATH_SEARCH_PATHS = (
					"$(inherited)",
					"@executable_path/Frameworks",
				);
				MARKETING_VERSION = 1.0;
				PRODUCT_BUNDLE_IDENTIFIER = Illia.TestTaskIlliaPereviazko;
				PRODUCT_NAME = "$(TARGET_NAME)";
				SWIFT_EMIT_LOC_STRINGS = YES;
				SWIFT_VERSION = 5.0;
				TARGETED_DEVICE_FAMILY = "1,2";
			};
			name = Release;
		};
		A970F29029133F13007ED984 /* Debug */ = {
			isa = XCBuildConfiguration;
			buildSettings = {
				ALWAYS_EMBED_SWIFT_STANDARD_LIBRARIES = YES;
				BUNDLE_LOADER = "$(TEST_HOST)";
				CODE_SIGN_STYLE = Automatic;
				CURRENT_PROJECT_VERSION = 1;
				GENERATE_INFOPLIST_FILE = YES;
				IPHONEOS_DEPLOYMENT_TARGET = 16.0;
				MARKETING_VERSION = 1.0;
				PRODUCT_BUNDLE_IDENTIFIER = Illia.TestTaskIlliaPereviazkoTests;
				PRODUCT_NAME = "$(TARGET_NAME)";
				SWIFT_EMIT_LOC_STRINGS = NO;
				SWIFT_VERSION = 5.0;
				TARGETED_DEVICE_FAMILY = "1,2";
				TEST_HOST = "$(BUILT_PRODUCTS_DIR)/TestTaskIlliaPereviazko.app/$(BUNDLE_EXECUTABLE_FOLDER_PATH)/TestTaskIlliaPereviazko";
			};
			name = Debug;
		};
		A970F29129133F13007ED984 /* Release */ = {
			isa = XCBuildConfiguration;
			buildSettings = {
				ALWAYS_EMBED_SWIFT_STANDARD_LIBRARIES = YES;
				BUNDLE_LOADER = "$(TEST_HOST)";
				CODE_SIGN_STYLE = Automatic;
				CURRENT_PROJECT_VERSION = 1;
				GENERATE_INFOPLIST_FILE = YES;
				IPHONEOS_DEPLOYMENT_TARGET = 16.0;
				MARKETING_VERSION = 1.0;
				PRODUCT_BUNDLE_IDENTIFIER = Illia.TestTaskIlliaPereviazkoTests;
				PRODUCT_NAME = "$(TARGET_NAME)";
				SWIFT_EMIT_LOC_STRINGS = NO;
				SWIFT_VERSION = 5.0;
				TARGETED_DEVICE_FAMILY = "1,2";
				TEST_HOST = "$(BUILT_PRODUCTS_DIR)/TestTaskIlliaPereviazko.app/$(BUNDLE_EXECUTABLE_FOLDER_PATH)/TestTaskIlliaPereviazko";
			};
			name = Release;
		};
		A970F29329133F13007ED984 /* Debug */ = {
			isa = XCBuildConfiguration;
			buildSettings = {
				ALWAYS_EMBED_SWIFT_STANDARD_LIBRARIES = YES;
				CODE_SIGN_STYLE = Automatic;
				CURRENT_PROJECT_VERSION = 1;
				GENERATE_INFOPLIST_FILE = YES;
				MARKETING_VERSION = 1.0;
				PRODUCT_BUNDLE_IDENTIFIER = Illia.TestTaskIlliaPereviazkoUITests;
				PRODUCT_NAME = "$(TARGET_NAME)";
				SWIFT_EMIT_LOC_STRINGS = NO;
				SWIFT_VERSION = 5.0;
				TARGETED_DEVICE_FAMILY = "1,2";
				TEST_TARGET_NAME = TestTaskIlliaPereviazko;
			};
			name = Debug;
		};
		A970F29429133F13007ED984 /* Release */ = {
			isa = XCBuildConfiguration;
			buildSettings = {
				ALWAYS_EMBED_SWIFT_STANDARD_LIBRARIES = YES;
				CODE_SIGN_STYLE = Automatic;
				CURRENT_PROJECT_VERSION = 1;
				GENERATE_INFOPLIST_FILE = YES;
				MARKETING_VERSION = 1.0;
				PRODUCT_BUNDLE_IDENTIFIER = Illia.TestTaskIlliaPereviazkoUITests;
				PRODUCT_NAME = "$(TARGET_NAME)";
				SWIFT_EMIT_LOC_STRINGS = NO;
				SWIFT_VERSION = 5.0;
				TARGETED_DEVICE_FAMILY = "1,2";
				TEST_TARGET_NAME = TestTaskIlliaPereviazko;
			};
			name = Release;
		};
/* End XCBuildConfiguration section */

/* Begin XCConfigurationList section */
		A970F25D29133F0F007ED984 /* Build configuration list for PBXProject "TestTaskIlliaPereviazko" */ = {
			isa = XCConfigurationList;
			buildConfigurations = (
				A970F28A29133F13007ED984 /* Debug */,
				A970F28B29133F13007ED984 /* Release */,
			);
			defaultConfigurationIsVisible = 0;
			defaultConfigurationName = Release;
		};
		A970F28C29133F13007ED984 /* Build configuration list for PBXNativeTarget "TestTaskIlliaPereviazko" */ = {
			isa = XCConfigurationList;
			buildConfigurations = (
				A970F28D29133F13007ED984 /* Debug */,
				A970F28E29133F13007ED984 /* Release */,
			);
			defaultConfigurationIsVisible = 0;
			defaultConfigurationName = Release;
		};
		A970F28F29133F13007ED984 /* Build configuration list for PBXNativeTarget "TestTaskIlliaPereviazkoTests" */ = {
			isa = XCConfigurationList;
			buildConfigurations = (
				A970F29029133F13007ED984 /* Debug */,
				A970F29129133F13007ED984 /* Release */,
			);
			defaultConfigurationIsVisible = 0;
			defaultConfigurationName = Release;
		};
		A970F29229133F13007ED984 /* Build configuration list for PBXNativeTarget "TestTaskIlliaPereviazkoUITests" */ = {
			isa = XCConfigurationList;
			buildConfigurations = (
				A970F29329133F13007ED984 /* Debug */,
				A970F29429133F13007ED984 /* Release */,
			);
			defaultConfigurationIsVisible = 0;
			defaultConfigurationName = Release;
		};
/* End XCConfigurationList section */
	};
	rootObject = A970F25A29133F0F007ED984 /* Project object */;
}
